{
  "name": "backend",
  "lockfileVersion": 3,
  "requires": true,
  "packages": {
    "": {
      "dependencies": {
        "unicom": "^1.0.0"
      }
    },
    "node_modules/unicom": {
      "version": "1.0.0",
      "resolved": "https://registry.npmjs.org/unicom/-/unicom-1.0.0.tgz",
      "integrity": "sha512-FiukaZK689jk0jJAlKvckipizCzFcIo2pZ/wYXVeGsmh0bzkDmMJy3IjRzJTrHQ8O6oY3yZIvw5AR0++so9Mvw==",
      "license": "ISC"
    }
  }
}
